{
  "pins" : [
    {
      "identity" : "dip",
      "kind" : "remoteSourceControl",
      "location" : "https://github.com/AliSoftware/Dip",
      "state" : {
        "revision" : "c3b601df0ff22b06b6d5ff4943faf05c0bd3f9bb",
        "version" : "7.1.1"
      }
    },
    {
      "identity" : "netfox",
      "kind" : "remoteSourceControl",
      "location" : "https://github.com/kasketis/netfox",
      "state" : {
        "revision" : "557576032736fd3140422baefb68b8f76c55088f",
        "version" : "1.21.0"
      }
    }
  ],
  "version" : 2
}
