// !$*UTF8*$!
{
	archiveVersion = 1;
	classes = {
	};
	objectVersion = 55;
	objects = {

/* Begin PBXBuildFile section */
		F7C727AA28D3905200EF2F59 /* AppDelegate.swift in Sources */ = {isa = PBXBuildFile; fileRef = F7C727A928D3905200EF2F59 /* AppDelegate.swift */; };
		F7C727AE28D3905200EF2F59 /* ViewController.swift in Sources */ = {isa = PBXBuildFile; fileRef = F7C727AD28D3905200EF2F59 /* ViewController.swift */; };
		F7C727B328D3905400EF2F59 /* Assets.xcassets in Resources */ = {isa = PBXBuildFile; fileRef = F7C727B228D3905400EF2F59 /* Assets.xcassets */; };
		F7C727B628D3905400EF2F59 /* LaunchScreen.storyboard in Resources */ = {isa = PBXBuildFile; fileRef = F7C727B428D3905400EF2F59 /* LaunchScreen.storyboard */; };
		F7C727C128D3905400EF2F59 /* TestioTests.swift in Sources */ = {isa = PBXBuildFile; fileRef = F7C727C028D3905400EF2F59 /* TestioTests.swift */; };
		F7C727CB28D3905400EF2F59 /* TestioUITests.swift in Sources */ = {isa = PBXBuildFile; fileRef = F7C727CA28D3905400EF2F59 /* TestioUITests.swift */; };
		F7C727CD28D3905400EF2F59 /* TestioUITestsLaunchTests.swift in Sources */ = {isa = PBXBuildFile; fileRef = F7C727CC28D3905400EF2F59 /* TestioUITestsLaunchTests.swift */; };
		F7C727EB28D4925000EF2F59 /* Dip in Frameworks */ = {isa = PBXBuildFile; productRef = F7C727EA28D4925000EF2F59 /* Dip */; };
		F7C727F028D4976300EF2F59 /* netfox in Frameworks */ = {isa = PBXBuildFile; productRef = F7C727EF28D4976300EF2F59 /* netfox */; };
		F7C727F428D49D8A00EF2F59 /* DipContainerBuilder.swift in Sources */ = {isa = PBXBuildFile; fileRef = F7C727F328D49D8A00EF2F59 /* DipContainerBuilder.swift */; };
		F7C727F728D4A6DD00EF2F59 /* Coordinator.swift in Sources */ = {isa = PBXBuildFile; fileRef = F7C727F628D4A6DD00EF2F59 /* Coordinator.swift */; };
		F7C727F928D4C51400EF2F59 /* AppCoordinator.swift in Sources */ = {isa = PBXBuildFile; fileRef = F7C727F828D4C51400EF2F59 /* AppCoordinator.swift */; };
		F7C727FB28D4CB1300EF2F59 /* SecondViewController.swift in Sources */ = {isa = PBXBuildFile; fileRef = F7C727FA28D4CB1300EF2F59 /* SecondViewController.swift */; };
		F7C727FD28D6171100EF2F59 /* Prasentable.swift in Sources */ = {isa = PBXBuildFile; fileRef = F7C727FC28D6171100EF2F59 /* Prasentable.swift */; };
		F7C727FF28D6704700EF2F59 /* Transition.swift in Sources */ = {isa = PBXBuildFile; fileRef = F7C727FE28D6704700EF2F59 /* Transition.swift */; };
		F7C7280228D6745000EF2F59 /* TransitionOptions.swift in Sources */ = {isa = PBXBuildFile; fileRef = F7C7280128D6745000EF2F59 /* TransitionOptions.swift */; };
		F7C7280428D7501100EF2F59 /* FatCoordinatorFactory.swift in Sources */ = {isa = PBXBuildFile; fileRef = F7C7280328D7501100EF2F59 /* FatCoordinatorFactory.swift */; };
		F7C7280728D7586400EF2F59 /* AlertCoordinator.swift in Sources */ = {isa = PBXBuildFile; fileRef = F7C7280628D7586400EF2F59 /* AlertCoordinator.swift */; };
		F7C7280A28D7588D00EF2F59 /* StartCoordinator.swift in Sources */ = {isa = PBXBuildFile; fileRef = F7C7280928D7588D00EF2F59 /* StartCoordinator.swift */; };
		F7C7280C28D7589900EF2F59 /* ServerListCoordinator.swift in Sources */ = {isa = PBXBuildFile; fileRef = F7C7280B28D7589900EF2F59 /* ServerListCoordinator.swift */; };
		F7C7280E28D77FA600EF2F59 /* FactoryModule.swift in Sources */ = {isa = PBXBuildFile; fileRef = F7C7280D28D77FA600EF2F59 /* FactoryModule.swift */; };
		F7C7281028D7817700EF2F59 /* AppDependency.swift in Sources */ = {isa = PBXBuildFile; fileRef = F7C7280F28D7817700EF2F59 /* AppDependency.swift */; };
		F7C7281228D7A17B00EF2F59 /* DependencyModule.swift in Sources */ = {isa = PBXBuildFile; fileRef = F7C7281128D7A17B00EF2F59 /* DependencyModule.swift */; };
		F7C7281428D7AEC700EF2F59 /* Transition+UIViewController.swift in Sources */ = {isa = PBXBuildFile; fileRef = F7C7281328D7AEC700EF2F59 /* Transition+UIViewController.swift */; };
		F7C7281728D7B38100EF2F59 /* UIViewController+Extentions.swift in Sources */ = {isa = PBXBuildFile; fileRef = F7C7281628D7B38100EF2F59 /* UIViewController+Extentions.swift */; };
		F7C7281928D7B49500EF2F59 /* UIView+Extentions.swift in Sources */ = {isa = PBXBuildFile; fileRef = F7C7281828D7B49500EF2F59 /* UIView+Extentions.swift */; };
		F7C7281D28D7C14D00EF2F59 /* main.swift in Sources */ = {isa = PBXBuildFile; fileRef = F7C7281C28D7C14D00EF2F59 /* main.swift */; };
		F7DBB7C028D860AA002CA5CE /* KeychainAccess in Frameworks */ = {isa = PBXBuildFile; productRef = F7DBB7BF28D860AA002CA5CE /* KeychainAccess */; };
		F7DBB7C428D86218002CA5CE /* KeychainWrapper.swift in Sources */ = {isa = PBXBuildFile; fileRef = F7DBB7C328D86218002CA5CE /* KeychainWrapper.swift */; };
		F7DBB7C728D86488002CA5CE /* AppConfigurationProvider.swift in Sources */ = {isa = PBXBuildFile; fileRef = F7DBB7C628D86488002CA5CE /* AppConfigurationProvider.swift */; };
		F7DBB7CA28D86922002CA5CE /* IQKeyboardManagerSwift in Frameworks */ = {isa = PBXBuildFile; productRef = F7DBB7C928D86922002CA5CE /* IQKeyboardManagerSwift */; };
		F7DBB7CC28D86A8F002CA5CE /* HardcodedStrings.swift in Sources */ = {isa = PBXBuildFile; fileRef = F7DBB7CB28D86A8F002CA5CE /* HardcodedStrings.swift */; };
		F7DBB7CF28D88FA8002CA5CE /* ApiProvider.swift in Sources */ = {isa = PBXBuildFile; fileRef = F7DBB7CE28D88FA8002CA5CE /* ApiProvider.swift */; };
		F7DBB7D128D89055002CA5CE /* RequestProtocol.swift in Sources */ = {isa = PBXBuildFile; fileRef = F7DBB7D028D89055002CA5CE /* RequestProtocol.swift */; };
		F7DBB7D328D891E8002CA5CE /* HTTPMethod.swift in Sources */ = {isa = PBXBuildFile; fileRef = F7DBB7D228D891E8002CA5CE /* HTTPMethod.swift */; };
		F7DBB7D628D89D6D002CA5CE /* RxCocoa in Frameworks */ = {isa = PBXBuildFile; productRef = F7DBB7D528D89D6D002CA5CE /* RxCocoa */; };
		F7DBB7D828D89D6D002CA5CE /* RxSwift in Frameworks */ = {isa = PBXBuildFile; productRef = F7DBB7D728D89D6D002CA5CE /* RxSwift */; };
		F7DBB7DA28D89FA3002CA5CE /* ApiProviderError.swift in Sources */ = {isa = PBXBuildFile; fileRef = F7DBB7D928D89FA3002CA5CE /* ApiProviderError.swift */; };
		F7DBB7DC28D8B443002CA5CE /* ParametersEncoder.swift in Sources */ = {isa = PBXBuildFile; fileRef = F7DBB7DB28D8B443002CA5CE /* ParametersEncoder.swift */; };
		F7DBB7DE28D8BB0D002CA5CE /* Encodable+Extention.swift in Sources */ = {isa = PBXBuildFile; fileRef = F7DBB7DD28D8BB0D002CA5CE /* Encodable+Extention.swift */; };
		F7DBB7E028D8C14E002CA5CE /* ApiService.swift in Sources */ = {isa = PBXBuildFile; fileRef = F7DBB7DF28D8C14E002CA5CE /* ApiService.swift */; };
		F7DBB7E528D8C300002CA5CE /* AuthorizationResponse.swift in Sources */ = {isa = PBXBuildFile; fileRef = F7DBB7E428D8C300002CA5CE /* AuthorizationResponse.swift */; };
		F7DBB7EC28D8CB68002CA5CE /* LoginCredentials.swift in Sources */ = {isa = PBXBuildFile; fileRef = F7DBB7EA28D8CB2F002CA5CE /* LoginCredentials.swift */; };
		F7DBB7EF28D8CC14002CA5CE /* AuthorizationRequest.swift in Sources */ = {isa = PBXBuildFile; fileRef = F7DBB7EE28D8CC14002CA5CE /* AuthorizationRequest.swift */; };
		F7DBB7F228D8D056002CA5CE /* ErrorResponse.swift in Sources */ = {isa = PBXBuildFile; fileRef = F7DBB7F128D8D056002CA5CE /* ErrorResponse.swift */; };
		F7DBB7F428D8D7FF002CA5CE /* ServiceModule.swift in Sources */ = {isa = PBXBuildFile; fileRef = F7DBB7F328D8D7FF002CA5CE /* ServiceModule.swift */; };
		F7DBB7F628D8DA7A002CA5CE /* StartViewController.swift in Sources */ = {isa = PBXBuildFile; fileRef = F7DBB7F528D8DA7A002CA5CE /* StartViewController.swift */; };
		F7DBB7F928D8DB11002CA5CE /* StartViewModel.swift in Sources */ = {isa = PBXBuildFile; fileRef = F7DBB7F828D8DB11002CA5CE /* StartViewModel.swift */; };
		F7DBB7FB28D8EFCF002CA5CE /* NetworkModule.swift in Sources */ = {isa = PBXBuildFile; fileRef = F7DBB7FA28D8EFCF002CA5CE /* NetworkModule.swift */; };
		F7DBB7FE28D91B77002CA5CE /* ViewModelProtocol.swift in Sources */ = {isa = PBXBuildFile; fileRef = F7DBB7FD28D91B77002CA5CE /* ViewModelProtocol.swift */; };
		F7DBB80028D91D4F002CA5CE /* BaseViewController.swift in Sources */ = {isa = PBXBuildFile; fileRef = F7DBB7FF28D91D4F002CA5CE /* BaseViewController.swift */; };
		F7DBB80228D91D8B002CA5CE /* ViewModelBindableProtocol.swift in Sources */ = {isa = PBXBuildFile; fileRef = F7DBB80128D91D8B002CA5CE /* ViewModelBindableProtocol.swift */; };
/* End PBXBuildFile section */

/* Begin PBXContainerItemProxy section */
		F7C727BD28D3905400EF2F59 /* PBXContainerItemProxy */ = {
			isa = PBXContainerItemProxy;
			containerPortal = F7C7279E28D3905200EF2F59 /* Project object */;
			proxyType = 1;
			remoteGlobalIDString = F7C727A528D3905200EF2F59;
			remoteInfo = Testio;
		};
		F7C727C728D3905400EF2F59 /* PBXContainerItemProxy */ = {
			isa = PBXContainerItemProxy;
			containerPortal = F7C7279E28D3905200EF2F59 /* Project object */;
			proxyType = 1;
			remoteGlobalIDString = F7C727A528D3905200EF2F59;
			remoteInfo = Testio;
		};
/* End PBXContainerItemProxy section */

/* Begin PBXFileReference section */
		F7C727A628D3905200EF2F59 /* Testio.app */ = {isa = PBXFileReference; explicitFileType = wrapper.application; includeInIndex = 0; path = Testio.app; sourceTree = BUILT_PRODUCTS_DIR; };
		F7C727A928D3905200EF2F59 /* AppDelegate.swift */ = {isa = PBXFileReference; lastKnownFileType = sourcecode.swift; path = AppDelegate.swift; sourceTree = "<group>"; };
		F7C727AD28D3905200EF2F59 /* ViewController.swift */ = {isa = PBXFileReference; lastKnownFileType = sourcecode.swift; path = ViewController.swift; sourceTree = "<group>"; };
		F7C727B228D3905400EF2F59 /* Assets.xcassets */ = {isa = PBXFileReference; lastKnownFileType = folder.assetcatalog; path = Assets.xcassets; sourceTree = "<group>"; };
		F7C727B528D3905400EF2F59 /* Base */ = {isa = PBXFileReference; lastKnownFileType = file.storyboard; name = Base; path = Base.lproj/LaunchScreen.storyboard; sourceTree = "<group>"; };
		F7C727B728D3905400EF2F59 /* Info.plist */ = {isa = PBXFileReference; lastKnownFileType = text.plist.xml; path = Info.plist; sourceTree = "<group>"; };
		F7C727BC28D3905400EF2F59 /* TestioTests.xctest */ = {isa = PBXFileReference; explicitFileType = wrapper.cfbundle; includeInIndex = 0; path = TestioTests.xctest; sourceTree = BUILT_PRODUCTS_DIR; };
		F7C727C028D3905400EF2F59 /* TestioTests.swift */ = {isa = PBXFileReference; lastKnownFileType = sourcecode.swift; path = TestioTests.swift; sourceTree = "<group>"; };
		F7C727C628D3905400EF2F59 /* TestioUITests.xctest */ = {isa = PBXFileReference; explicitFileType = wrapper.cfbundle; includeInIndex = 0; path = TestioUITests.xctest; sourceTree = BUILT_PRODUCTS_DIR; };
		F7C727CA28D3905400EF2F59 /* TestioUITests.swift */ = {isa = PBXFileReference; lastKnownFileType = sourcecode.swift; path = TestioUITests.swift; sourceTree = "<group>"; };
		F7C727CC28D3905400EF2F59 /* TestioUITestsLaunchTests.swift */ = {isa = PBXFileReference; lastKnownFileType = sourcecode.swift; path = TestioUITestsLaunchTests.swift; sourceTree = "<group>"; };
		F7C727F328D49D8A00EF2F59 /* DipContainerBuilder.swift */ = {isa = PBXFileReference; lastKnownFileType = sourcecode.swift; path = DipContainerBuilder.swift; sourceTree = "<group>"; };
		F7C727F628D4A6DD00EF2F59 /* Coordinator.swift */ = {isa = PBXFileReference; lastKnownFileType = sourcecode.swift; path = Coordinator.swift; sourceTree = "<group>"; };
		F7C727F828D4C51400EF2F59 /* AppCoordinator.swift */ = {isa = PBXFileReference; lastKnownFileType = sourcecode.swift; path = AppCoordinator.swift; sourceTree = "<group>"; };
		F7C727FA28D4CB1300EF2F59 /* SecondViewController.swift */ = {isa = PBXFileReference; lastKnownFileType = sourcecode.swift; path = SecondViewController.swift; sourceTree = "<group>"; };
		F7C727FC28D6171100EF2F59 /* Prasentable.swift */ = {isa = PBXFileReference; lastKnownFileType = sourcecode.swift; path = Prasentable.swift; sourceTree = "<group>"; };
		F7C727FE28D6704700EF2F59 /* Transition.swift */ = {isa = PBXFileReference; lastKnownFileType = sourcecode.swift; path = Transition.swift; sourceTree = "<group>"; };
		F7C7280128D6745000EF2F59 /* TransitionOptions.swift */ = {isa = PBXFileReference; lastKnownFileType = sourcecode.swift; path = TransitionOptions.swift; sourceTree = "<group>"; };
		F7C7280328D7501100EF2F59 /* FatCoordinatorFactory.swift */ = {isa = PBXFileReference; lastKnownFileType = sourcecode.swift; path = FatCoordinatorFactory.swift; sourceTree = "<group>"; };
		F7C7280628D7586400EF2F59 /* AlertCoordinator.swift */ = {isa = PBXFileReference; lastKnownFileType = sourcecode.swift; path = AlertCoordinator.swift; sourceTree = "<group>"; };
		F7C7280928D7588D00EF2F59 /* StartCoordinator.swift */ = {isa = PBXFileReference; lastKnownFileType = sourcecode.swift; path = StartCoordinator.swift; sourceTree = "<group>"; };
		F7C7280B28D7589900EF2F59 /* ServerListCoordinator.swift */ = {isa = PBXFileReference; lastKnownFileType = sourcecode.swift; path = ServerListCoordinator.swift; sourceTree = "<group>"; };
		F7C7280D28D77FA600EF2F59 /* FactoryModule.swift */ = {isa = PBXFileReference; lastKnownFileType = sourcecode.swift; path = FactoryModule.swift; sourceTree = "<group>"; };
		F7C7280F28D7817700EF2F59 /* AppDependency.swift */ = {isa = PBXFileReference; lastKnownFileType = sourcecode.swift; path = AppDependency.swift; sourceTree = "<group>"; };
		F7C7281128D7A17B00EF2F59 /* DependencyModule.swift */ = {isa = PBXFileReference; lastKnownFileType = sourcecode.swift; path = DependencyModule.swift; sourceTree = "<group>"; };
		F7C7281328D7AEC700EF2F59 /* Transition+UIViewController.swift */ = {isa = PBXFileReference; lastKnownFileType = sourcecode.swift; path = "Transition+UIViewController.swift"; sourceTree = "<group>"; };
		F7C7281628D7B38100EF2F59 /* UIViewController+Extentions.swift */ = {isa = PBXFileReference; lastKnownFileType = sourcecode.swift; path = "UIViewController+Extentions.swift"; sourceTree = "<group>"; };
		F7C7281828D7B49500EF2F59 /* UIView+Extentions.swift */ = {isa = PBXFileReference; lastKnownFileType = sourcecode.swift; path = "UIView+Extentions.swift"; sourceTree = "<group>"; };
		F7C7281C28D7C14D00EF2F59 /* main.swift */ = {isa = PBXFileReference; lastKnownFileType = sourcecode.swift; path = main.swift; sourceTree = "<group>"; };
		F7DBB7C328D86218002CA5CE /* KeychainWrapper.swift */ = {isa = PBXFileReference; lastKnownFileType = sourcecode.swift; path = KeychainWrapper.swift; sourceTree = "<group>"; };
		F7DBB7C628D86488002CA5CE /* AppConfigurationProvider.swift */ = {isa = PBXFileReference; lastKnownFileType = sourcecode.swift; path = AppConfigurationProvider.swift; sourceTree = "<group>"; };
		F7DBB7CB28D86A8F002CA5CE /* HardcodedStrings.swift */ = {isa = PBXFileReference; lastKnownFileType = sourcecode.swift; path = HardcodedStrings.swift; sourceTree = "<group>"; };
		F7DBB7CE28D88FA8002CA5CE /* ApiProvider.swift */ = {isa = PBXFileReference; lastKnownFileType = sourcecode.swift; path = ApiProvider.swift; sourceTree = "<group>"; };
		F7DBB7D028D89055002CA5CE /* RequestProtocol.swift */ = {isa = PBXFileReference; lastKnownFileType = sourcecode.swift; path = RequestProtocol.swift; sourceTree = "<group>"; };
		F7DBB7D228D891E8002CA5CE /* HTTPMethod.swift */ = {isa = PBXFileReference; lastKnownFileType = sourcecode.swift; path = HTTPMethod.swift; sourceTree = "<group>"; };
		F7DBB7D928D89FA3002CA5CE /* ApiProviderError.swift */ = {isa = PBXFileReference; lastKnownFileType = sourcecode.swift; path = ApiProviderError.swift; sourceTree = "<group>"; };
		F7DBB7DB28D8B443002CA5CE /* ParametersEncoder.swift */ = {isa = PBXFileReference; lastKnownFileType = sourcecode.swift; path = ParametersEncoder.swift; sourceTree = "<group>"; };
		F7DBB7DD28D8BB0D002CA5CE /* Encodable+Extention.swift */ = {isa = PBXFileReference; lastKnownFileType = sourcecode.swift; path = "Encodable+Extention.swift"; sourceTree = "<group>"; };
		F7DBB7DF28D8C14E002CA5CE /* ApiService.swift */ = {isa = PBXFileReference; lastKnownFileType = sourcecode.swift; path = ApiService.swift; sourceTree = "<group>"; };
		F7DBB7E428D8C300002CA5CE /* AuthorizationResponse.swift */ = {isa = PBXFileReference; lastKnownFileType = sourcecode.swift; path = AuthorizationResponse.swift; sourceTree = "<group>"; };
		F7DBB7EA28D8CB2F002CA5CE /* LoginCredentials.swift */ = {isa = PBXFileReference; lastKnownFileType = sourcecode.swift; path = LoginCredentials.swift; sourceTree = "<group>"; };
		F7DBB7EE28D8CC14002CA5CE /* AuthorizationRequest.swift */ = {isa = PBXFileReference; lastKnownFileType = sourcecode.swift; path = AuthorizationRequest.swift; sourceTree = "<group>"; };
		F7DBB7F128D8D056002CA5CE /* ErrorResponse.swift */ = {isa = PBXFileReference; lastKnownFileType = sourcecode.swift; path = ErrorResponse.swift; sourceTree = "<group>"; };
		F7DBB7F328D8D7FF002CA5CE /* ServiceModule.swift */ = {isa = PBXFileReference; lastKnownFileType = sourcecode.swift; path = ServiceModule.swift; sourceTree = "<group>"; };
		F7DBB7F528D8DA7A002CA5CE /* StartViewController.swift */ = {isa = PBXFileReference; lastKnownFileType = sourcecode.swift; path = StartViewController.swift; sourceTree = "<group>"; };
		F7DBB7F828D8DB11002CA5CE /* StartViewModel.swift */ = {isa = PBXFileReference; lastKnownFileType = sourcecode.swift; path = StartViewModel.swift; sourceTree = "<group>"; };
		F7DBB7FA28D8EFCF002CA5CE /* NetworkModule.swift */ = {isa = PBXFileReference; lastKnownFileType = sourcecode.swift; path = NetworkModule.swift; sourceTree = "<group>"; };
		F7DBB7FD28D91B77002CA5CE /* ViewModelProtocol.swift */ = {isa = PBXFileReference; lastKnownFileType = sourcecode.swift; path = ViewModelProtocol.swift; sourceTree = "<group>"; };
		F7DBB7FF28D91D4F002CA5CE /* BaseViewController.swift */ = {isa = PBXFileReference; lastKnownFileType = sourcecode.swift; path = BaseViewController.swift; sourceTree = "<group>"; };
		F7DBB80128D91D8B002CA5CE /* ViewModelBindableProtocol.swift */ = {isa = PBXFileReference; lastKnownFileType = sourcecode.swift; path = ViewModelBindableProtocol.swift; sourceTree = "<group>"; };
/* End PBXFileReference section */

/* Begin PBXFrameworksBuildPhase section */
		F7C727A328D3905200EF2F59 /* Frameworks */ = {
			isa = PBXFrameworksBuildPhase;
			buildActionMask = 2147483647;
			files = (
				F7DBB7D828D89D6D002CA5CE /* RxSwift in Frameworks */,
				F7C727F028D4976300EF2F59 /* netfox in Frameworks */,
				F7DBB7CA28D86922002CA5CE /* IQKeyboardManagerSwift in Frameworks */,
				F7DBB7D628D89D6D002CA5CE /* RxCocoa in Frameworks */,
				F7C727EB28D4925000EF2F59 /* Dip in Frameworks */,
				F7DBB7C028D860AA002CA5CE /* KeychainAccess in Frameworks */,
			);
			runOnlyForDeploymentPostprocessing = 0;
		};
		F7C727B928D3905400EF2F59 /* Frameworks */ = {
			isa = PBXFrameworksBuildPhase;
			buildActionMask = 2147483647;
			files = (
			);
			runOnlyForDeploymentPostprocessing = 0;
		};
		F7C727C328D3905400EF2F59 /* Frameworks */ = {
			isa = PBXFrameworksBuildPhase;
			buildActionMask = 2147483647;
			files = (
			);
			runOnlyForDeploymentPostprocessing = 0;
		};
/* End PBXFrameworksBuildPhase section */

/* Begin PBXGroup section */
		F7C7279D28D3905200EF2F59 = {
			isa = PBXGroup;
			children = (
				F7C727A828D3905200EF2F59 /* Testio */,
				F7C727BF28D3905400EF2F59 /* TestioTests */,
				F7C727C928D3905400EF2F59 /* TestioUITests */,
				F7C727A728D3905200EF2F59 /* Products */,
			);
			sourceTree = "<group>";
		};
		F7C727A728D3905200EF2F59 /* Products */ = {
			isa = PBXGroup;
			children = (
				F7C727A628D3905200EF2F59 /* Testio.app */,
				F7C727BC28D3905400EF2F59 /* TestioTests.xctest */,
				F7C727C628D3905400EF2F59 /* TestioUITests.xctest */,
			);
			name = Products;
			sourceTree = "<group>";
		};
		F7C727A828D3905200EF2F59 /* Testio */ = {
			isa = PBXGroup;
			children = (
				F7C727A928D3905200EF2F59 /* AppDelegate.swift */,
				F7C727F128D49CA300EF2F59 /* Scenes */,
				F7C727F528D4A6B700EF2F59 /* Coordinators */,
				F7C727F228D49CAF00EF2F59 /* Dip */,
				F7C7281528D7B35B00EF2F59 /* Extentions */,
				F7DBB7C128D86119002CA5CE /* Services */,
				F7DBB7CD28D88ED8002CA5CE /* NetworkLayer */,
				F7DBB7E228D8C2D1002CA5CE /* Models */,
				F7DBB7FC28D91AF0002CA5CE /* Common */,
				F7C727B228D3905400EF2F59 /* Assets.xcassets */,
				F7C727B428D3905400EF2F59 /* LaunchScreen.storyboard */,
				F7C727B728D3905400EF2F59 /* Info.plist */,
				F7DBB7CB28D86A8F002CA5CE /* HardcodedStrings.swift */,
				F7C7281C28D7C14D00EF2F59 /* main.swift */,
			);
			path = Testio;
			sourceTree = "<group>";
		};
		F7C727BF28D3905400EF2F59 /* TestioTests */ = {
			isa = PBXGroup;
			children = (
				F7C727C028D3905400EF2F59 /* TestioTests.swift */,
			);
			path = TestioTests;
			sourceTree = "<group>";
		};
		F7C727C928D3905400EF2F59 /* TestioUITests */ = {
			isa = PBXGroup;
			children = (
				F7C727CA28D3905400EF2F59 /* TestioUITests.swift */,
				F7C727CC28D3905400EF2F59 /* TestioUITestsLaunchTests.swift */,
			);
			path = TestioUITests;
			sourceTree = "<group>";
		};
		F7C727F128D49CA300EF2F59 /* Scenes */ = {
			isa = PBXGroup;
			children = (
				F7C7280628D7586400EF2F59 /* AlertCoordinator.swift */,
				F7DBB7F728D8DA7F002CA5CE /* Start */,
				F7C7280828D7586A00EF2F59 /* ServerList */,
				F7C727AD28D3905200EF2F59 /* ViewController.swift */,
				F7C727FA28D4CB1300EF2F59 /* SecondViewController.swift */,
			);
			path = Scenes;
			sourceTree = "<group>";
		};
		F7C727F228D49CAF00EF2F59 /* Dip */ = {
			isa = PBXGroup;
			children = (
				F7C7280F28D7817700EF2F59 /* AppDependency.swift */,
				F7C727F328D49D8A00EF2F59 /* DipContainerBuilder.swift */,
				F7C7281128D7A17B00EF2F59 /* DependencyModule.swift */,
				F7C7280D28D77FA600EF2F59 /* FactoryModule.swift */,
				F7DBB7F328D8D7FF002CA5CE /* ServiceModule.swift */,
				F7DBB7FA28D8EFCF002CA5CE /* NetworkModule.swift */,
			);
			path = Dip;
			sourceTree = "<group>";
		};
		F7C727F528D4A6B700EF2F59 /* Coordinators */ = {
			isa = PBXGroup;
			children = (
				F7C7280028D6743E00EF2F59 /* Transition */,
				F7C727F828D4C51400EF2F59 /* AppCoordinator.swift */,
				F7C727F628D4A6DD00EF2F59 /* Coordinator.swift */,
				F7C7280328D7501100EF2F59 /* FatCoordinatorFactory.swift */,
				F7C727FC28D6171100EF2F59 /* Prasentable.swift */,
			);
			path = Coordinators;
			sourceTree = "<group>";
		};
		F7C7280028D6743E00EF2F59 /* Transition */ = {
			isa = PBXGroup;
			children = (
				F7C727FE28D6704700EF2F59 /* Transition.swift */,
				F7C7280128D6745000EF2F59 /* TransitionOptions.swift */,
				F7C7281328D7AEC700EF2F59 /* Transition+UIViewController.swift */,
			);
			path = Transition;
			sourceTree = "<group>";
		};
		F7C7280828D7586A00EF2F59 /* ServerList */ = {
			isa = PBXGroup;
			children = (
				F7C7280B28D7589900EF2F59 /* ServerListCoordinator.swift */,
			);
			path = ServerList;
			sourceTree = "<group>";
		};
		F7C7281528D7B35B00EF2F59 /* Extentions */ = {
			isa = PBXGroup;
			children = (
				F7C7281628D7B38100EF2F59 /* UIViewController+Extentions.swift */,
				F7C7281828D7B49500EF2F59 /* UIView+Extentions.swift */,
				F7DBB7DD28D8BB0D002CA5CE /* Encodable+Extention.swift */,
			);
			path = Extentions;
			sourceTree = "<group>";
		};
		F7DBB7C128D86119002CA5CE /* Services */ = {
			isa = PBXGroup;
			children = (
				F7DBB7E128D8C152002CA5CE /* ApiService */,
				F7DBB7C528D8646D002CA5CE /* AppConfiguration */,
				F7DBB7ED28D8CBD5002CA5CE /* Requests */,
				F7DBB7C228D861FD002CA5CE /* Wrappers */,
			);
			path = Services;
			sourceTree = "<group>";
		};
		F7DBB7C228D861FD002CA5CE /* Wrappers */ = {
			isa = PBXGroup;
			children = (
				F7DBB7C328D86218002CA5CE /* KeychainWrapper.swift */,
			);
			path = Wrappers;
			sourceTree = "<group>";
		};
		F7DBB7C528D8646D002CA5CE /* AppConfiguration */ = {
			isa = PBXGroup;
			children = (
				F7DBB7C628D86488002CA5CE /* AppConfigurationProvider.swift */,
			);
			path = AppConfiguration;
			sourceTree = "<group>";
		};
		F7DBB7CD28D88ED8002CA5CE /* NetworkLayer */ = {
			isa = PBXGroup;
			children = (
				F7DBB7CE28D88FA8002CA5CE /* ApiProvider.swift */,
				F7DBB7D028D89055002CA5CE /* RequestProtocol.swift */,
				F7DBB7D228D891E8002CA5CE /* HTTPMethod.swift */,
				F7DBB7D928D89FA3002CA5CE /* ApiProviderError.swift */,
				F7DBB7DB28D8B443002CA5CE /* ParametersEncoder.swift */,
			);
			path = NetworkLayer;
			sourceTree = "<group>";
		};
		F7DBB7E128D8C152002CA5CE /* ApiService */ = {
			isa = PBXGroup;
			children = (
				F7DBB7DF28D8C14E002CA5CE /* ApiService.swift */,
			);
			path = ApiService;
			sourceTree = "<group>";
		};
		F7DBB7E228D8C2D1002CA5CE /* Models */ = {
			isa = PBXGroup;
			children = (
				F7DBB7F028D8D047002CA5CE /* Common */,
				F7DBB7E328D8C2E7002CA5CE /* Authorization */,
			);
			path = Models;
			sourceTree = "<group>";
		};
		F7DBB7E328D8C2E7002CA5CE /* Authorization */ = {
			isa = PBXGroup;
			children = (
				F7DBB7E428D8C300002CA5CE /* AuthorizationResponse.swift */,
				F7DBB7EA28D8CB2F002CA5CE /* LoginCredentials.swift */,
			);
			path = Authorization;
			sourceTree = "<group>";
		};
		F7DBB7ED28D8CBD5002CA5CE /* Requests */ = {
			isa = PBXGroup;
			children = (
				F7DBB7EE28D8CC14002CA5CE /* AuthorizationRequest.swift */,
			);
			path = Requests;
			sourceTree = "<group>";
		};
		F7DBB7F028D8D047002CA5CE /* Common */ = {
			isa = PBXGroup;
			children = (
				F7DBB7F128D8D056002CA5CE /* ErrorResponse.swift */,
			);
			path = Common;
			sourceTree = "<group>";
		};
		F7DBB7F728D8DA7F002CA5CE /* Start */ = {
			isa = PBXGroup;
			children = (
				F7C7280928D7588D00EF2F59 /* StartCoordinator.swift */,
				F7DBB7F528D8DA7A002CA5CE /* StartViewController.swift */,
				F7DBB7F828D8DB11002CA5CE /* StartViewModel.swift */,
			);
			path = Start;
			sourceTree = "<group>";
		};
		F7DBB7FC28D91AF0002CA5CE /* Common */ = {
			isa = PBXGroup;
			children = (
				F7DBB7FD28D91B77002CA5CE /* ViewModelProtocol.swift */,
				F7DBB7FF28D91D4F002CA5CE /* BaseViewController.swift */,
				F7DBB80128D91D8B002CA5CE /* ViewModelBindableProtocol.swift */,
			);
			path = Common;
			sourceTree = "<group>";
		};
/* End PBXGroup section */

/* Begin PBXNativeTarget section */
		F7C727A528D3905200EF2F59 /* Testio */ = {
			isa = PBXNativeTarget;
			buildConfigurationList = F7C727D028D3905400EF2F59 /* Build configuration list for PBXNativeTarget "Testio" */;
			buildPhases = (
				F7C727A228D3905200EF2F59 /* Sources */,
				F7C727A328D3905200EF2F59 /* Frameworks */,
				F7C727A428D3905200EF2F59 /* Resources */,
				F7C727E128D47AA700EF2F59 /* SwiftLint */,
			);
			buildRules = (
			);
			dependencies = (
			);
			name = Testio;
			packageProductDependencies = (
				F7C727EA28D4925000EF2F59 /* Dip */,
				F7C727EF28D4976300EF2F59 /* netfox */,
				F7DBB7BF28D860AA002CA5CE /* KeychainAccess */,
				F7DBB7C928D86922002CA5CE /* IQKeyboardManagerSwift */,
				F7DBB7D528D89D6D002CA5CE /* RxCocoa */,
				F7DBB7D728D89D6D002CA5CE /* RxSwift */,
			);
			productName = Testio;
			productReference = F7C727A628D3905200EF2F59 /* Testio.app */;
			productType = "com.apple.product-type.application";
		};
		F7C727BB28D3905400EF2F59 /* TestioTests */ = {
			isa = PBXNativeTarget;
			buildConfigurationList = F7C727D328D3905400EF2F59 /* Build configuration list for PBXNativeTarget "TestioTests" */;
			buildPhases = (
				F7C727B828D3905400EF2F59 /* Sources */,
				F7C727B928D3905400EF2F59 /* Frameworks */,
				F7C727BA28D3905400EF2F59 /* Resources */,
			);
			buildRules = (
			);
			dependencies = (
				F7C727BE28D3905400EF2F59 /* PBXTargetDependency */,
			);
			name = TestioTests;
			productName = TestioTests;
			productReference = F7C727BC28D3905400EF2F59 /* TestioTests.xctest */;
			productType = "com.apple.product-type.bundle.unit-test";
		};
		F7C727C528D3905400EF2F59 /* TestioUITests */ = {
			isa = PBXNativeTarget;
			buildConfigurationList = F7C727D628D3905400EF2F59 /* Build configuration list for PBXNativeTarget "TestioUITests" */;
			buildPhases = (
				F7C727C228D3905400EF2F59 /* Sources */,
				F7C727C328D3905400EF2F59 /* Frameworks */,
				F7C727C428D3905400EF2F59 /* Resources */,
			);
			buildRules = (
			);
			dependencies = (
				F7C727C828D3905400EF2F59 /* PBXTargetDependency */,
			);
			name = TestioUITests;
			productName = TestioUITests;
			productReference = F7C727C628D3905400EF2F59 /* TestioUITests.xctest */;
			productType = "com.apple.product-type.bundle.ui-testing";
		};
/* End PBXNativeTarget section */

/* Begin PBXProject section */
		F7C7279E28D3905200EF2F59 /* Project object */ = {
			isa = PBXProject;
			attributes = {
				BuildIndependentTargetsInParallel = 1;
				LastSwiftUpdateCheck = 1340;
				LastUpgradeCheck = 1340;
				TargetAttributes = {
					F7C727A528D3905200EF2F59 = {
						CreatedOnToolsVersion = 13.4.1;
					};
					F7C727BB28D3905400EF2F59 = {
						CreatedOnToolsVersion = 13.4.1;
						TestTargetID = F7C727A528D3905200EF2F59;
					};
					F7C727C528D3905400EF2F59 = {
						CreatedOnToolsVersion = 13.4.1;
						TestTargetID = F7C727A528D3905200EF2F59;
					};
				};
			};
			buildConfigurationList = F7C727A128D3905200EF2F59 /* Build configuration list for PBXProject "Testio" */;
			compatibilityVersion = "Xcode 13.0";
			developmentRegion = en;
			hasScannedForEncodings = 0;
			knownRegions = (
				en,
				Base,
			);
			mainGroup = F7C7279D28D3905200EF2F59;
			packageReferences = (
				F7C727E928D4925000EF2F59 /* XCRemoteSwiftPackageReference "Dip" */,
				F7C727EE28D4976300EF2F59 /* XCRemoteSwiftPackageReference "netfox" */,
				F7DBB7BE28D860AA002CA5CE /* XCRemoteSwiftPackageReference "KeychainAccess" */,
				F7DBB7C828D86922002CA5CE /* XCRemoteSwiftPackageReference "IQKeyboardManager" */,
				F7DBB7D428D89D6D002CA5CE /* XCRemoteSwiftPackageReference "RxSwift" */,
			);
			productRefGroup = F7C727A728D3905200EF2F59 /* Products */;
			projectDirPath = "";
			projectRoot = "";
			targets = (
				F7C727A528D3905200EF2F59 /* Testio */,
				F7C727BB28D3905400EF2F59 /* TestioTests */,
				F7C727C528D3905400EF2F59 /* TestioUITests */,
			);
		};
/* End PBXProject section */

/* Begin PBXResourcesBuildPhase section */
		F7C727A428D3905200EF2F59 /* Resources */ = {
			isa = PBXResourcesBuildPhase;
			buildActionMask = 2147483647;
			files = (
				F7C727B628D3905400EF2F59 /* LaunchScreen.storyboard in Resources */,
				F7C727B328D3905400EF2F59 /* Assets.xcassets in Resources */,
			);
			runOnlyForDeploymentPostprocessing = 0;
		};
		F7C727BA28D3905400EF2F59 /* Resources */ = {
			isa = PBXResourcesBuildPhase;
			buildActionMask = 2147483647;
			files = (
			);
			runOnlyForDeploymentPostprocessing = 0;
		};
		F7C727C428D3905400EF2F59 /* Resources */ = {
			isa = PBXResourcesBuildPhase;
			buildActionMask = 2147483647;
			files = (
			);
			runOnlyForDeploymentPostprocessing = 0;
		};
/* End PBXResourcesBuildPhase section */

/* Begin PBXShellScriptBuildPhase section */
		F7C727E128D47AA700EF2F59 /* SwiftLint */ = {
			isa = PBXShellScriptBuildPhase;
			buildActionMask = 2147483647;
			files = (
			);
			inputFileListPaths = (
			);
			inputPaths = (
			);
			name = SwiftLint;
			outputFileListPaths = (
			);
			outputPaths = (
			);
			runOnlyForDeploymentPostprocessing = 0;
			shellPath = /bin/sh;
			shellScript = "# Type a script or drag a script file from your workspace to insert its path.\nif which swiftlint > /dev/null; then\n  swiftlint\nelse\n  echo \"warning: SwiftLint not installed, download from https://github.com/realm/SwiftLint\"\nfi\n";
		};
/* End PBXShellScriptBuildPhase section */

/* Begin PBXSourcesBuildPhase section */
		F7C727A228D3905200EF2F59 /* Sources */ = {
			isa = PBXSourcesBuildPhase;
			buildActionMask = 2147483647;
			files = (
				F7C7281228D7A17B00EF2F59 /* DependencyModule.swift in Sources */,
				F7C727FF28D6704700EF2F59 /* Transition.swift in Sources */,
				F7DBB7DA28D89FA3002CA5CE /* ApiProviderError.swift in Sources */,
				F7C7280E28D77FA600EF2F59 /* FactoryModule.swift in Sources */,
				F7DBB7EF28D8CC14002CA5CE /* AuthorizationRequest.swift in Sources */,
				F7DBB80028D91D4F002CA5CE /* BaseViewController.swift in Sources */,
				F7DBB7F628D8DA7A002CA5CE /* StartViewController.swift in Sources */,
				F7DBB7C428D86218002CA5CE /* KeychainWrapper.swift in Sources */,
				F7DBB7D128D89055002CA5CE /* RequestProtocol.swift in Sources */,
				F7DBB7F228D8D056002CA5CE /* ErrorResponse.swift in Sources */,
				F7C7281428D7AEC700EF2F59 /* Transition+UIViewController.swift in Sources */,
				F7C7280728D7586400EF2F59 /* AlertCoordinator.swift in Sources */,
				F7C7280228D6745000EF2F59 /* TransitionOptions.swift in Sources */,
				F7DBB7E528D8C300002CA5CE /* AuthorizationResponse.swift in Sources */,
				F7C7281D28D7C14D00EF2F59 /* main.swift in Sources */,
				F7C7280C28D7589900EF2F59 /* ServerListCoordinator.swift in Sources */,
				F7DBB7D328D891E8002CA5CE /* HTTPMethod.swift in Sources */,
				F7DBB7CF28D88FA8002CA5CE /* ApiProvider.swift in Sources */,
				F7DBB7FE28D91B77002CA5CE /* ViewModelProtocol.swift in Sources */,
				F7C7281928D7B49500EF2F59 /* UIView+Extentions.swift in Sources */,
				F7C7280428D7501100EF2F59 /* FatCoordinatorFactory.swift in Sources */,
				F7C727AE28D3905200EF2F59 /* ViewController.swift in Sources */,
				F7DBB7F928D8DB11002CA5CE /* StartViewModel.swift in Sources */,
				F7DBB7DC28D8B443002CA5CE /* ParametersEncoder.swift in Sources */,
				F7DBB80228D91D8B002CA5CE /* ViewModelBindableProtocol.swift in Sources */,
				F7DBB7F428D8D7FF002CA5CE /* ServiceModule.swift in Sources */,
				F7C7281728D7B38100EF2F59 /* UIViewController+Extentions.swift in Sources */,
				F7C727F928D4C51400EF2F59 /* AppCoordinator.swift in Sources */,
				F7C727AA28D3905200EF2F59 /* AppDelegate.swift in Sources */,
				F7DBB7FB28D8EFCF002CA5CE /* NetworkModule.swift in Sources */,
				F7C727F728D4A6DD00EF2F59 /* Coordinator.swift in Sources */,
				F7C7280A28D7588D00EF2F59 /* StartCoordinator.swift in Sources */,
				F7DBB7DE28D8BB0D002CA5CE /* Encodable+Extention.swift in Sources */,
				F7DBB7EC28D8CB68002CA5CE /* LoginCredentials.swift in Sources */,
				F7C727FB28D4CB1300EF2F59 /* SecondViewController.swift in Sources */,
				F7C727FD28D6171100EF2F59 /* Prasentable.swift in Sources */,
				F7DBB7C728D86488002CA5CE /* AppConfigurationProvider.swift in Sources */,
				F7DBB7E028D8C14E002CA5CE /* ApiService.swift in Sources */,
				F7C7281028D7817700EF2F59 /* AppDependency.swift in Sources */,
				F7C727F428D49D8A00EF2F59 /* DipContainerBuilder.swift in Sources */,
				F7DBB7CC28D86A8F002CA5CE /* HardcodedStrings.swift in Sources */,
			);
			runOnlyForDeploymentPostprocessing = 0;
		};
		F7C727B828D3905400EF2F59 /* Sources */ = {
			isa = PBXSourcesBuildPhase;
			buildActionMask = 2147483647;
			files = (
				F7C727C128D3905400EF2F59 /* TestioTests.swift in Sources */,
			);
			runOnlyForDeploymentPostprocessing = 0;
		};
		F7C727C228D3905400EF2F59 /* Sources */ = {
			isa = PBXSourcesBuildPhase;
			buildActionMask = 2147483647;
			files = (
				F7C727CD28D3905400EF2F59 /* TestioUITestsLaunchTests.swift in Sources */,
				F7C727CB28D3905400EF2F59 /* TestioUITests.swift in Sources */,
			);
			runOnlyForDeploymentPostprocessing = 0;
		};
/* End PBXSourcesBuildPhase section */

/* Begin PBXTargetDependency section */
		F7C727BE28D3905400EF2F59 /* PBXTargetDependency */ = {
			isa = PBXTargetDependency;
			target = F7C727A528D3905200EF2F59 /* Testio */;
			targetProxy = F7C727BD28D3905400EF2F59 /* PBXContainerItemProxy */;
		};
		F7C727C828D3905400EF2F59 /* PBXTargetDependency */ = {
			isa = PBXTargetDependency;
			target = F7C727A528D3905200EF2F59 /* Testio */;
			targetProxy = F7C727C728D3905400EF2F59 /* PBXContainerItemProxy */;
		};
/* End PBXTargetDependency section */

/* Begin PBXVariantGroup section */
		F7C727B428D3905400EF2F59 /* LaunchScreen.storyboard */ = {
			isa = PBXVariantGroup;
			children = (
				F7C727B528D3905400EF2F59 /* Base */,
			);
			name = LaunchScreen.storyboard;
			sourceTree = "<group>";
		};
/* End PBXVariantGroup section */

/* Begin XCBuildConfiguration section */
		F7C727CE28D3905400EF2F59 /* Debug */ = {
			isa = XCBuildConfiguration;
			buildSettings = {
				ALWAYS_SEARCH_USER_PATHS = NO;
				CLANG_ANALYZER_NONNULL = YES;
				CLANG_ANALYZER_NUMBER_OBJECT_CONVERSION = YES_AGGRESSIVE;
				CLANG_CXX_LANGUAGE_STANDARD = "gnu++17";
				CLANG_ENABLE_MODULES = YES;
				CLANG_ENABLE_OBJC_ARC = YES;
				CLANG_ENABLE_OBJC_WEAK = YES;
				CLANG_WARN_BLOCK_CAPTURE_AUTORELEASING = YES;
				CLANG_WARN_BOOL_CONVERSION = YES;
				CLANG_WARN_COMMA = YES;
				CLANG_WARN_CONSTANT_CONVERSION = YES;
				CLANG_WARN_DEPRECATED_OBJC_IMPLEMENTATIONS = YES;
				CLANG_WARN_DIRECT_OBJC_ISA_USAGE = YES_ERROR;
				CLANG_WARN_DOCUMENTATION_COMMENTS = YES;
				CLANG_WARN_EMPTY_BODY = YES;
				CLANG_WARN_ENUM_CONVERSION = YES;
				CLANG_WARN_INFINITE_RECURSION = YES;
				CLANG_WARN_INT_CONVERSION = YES;
				CLANG_WARN_NON_LITERAL_NULL_CONVERSION = YES;
				CLANG_WARN_OBJC_IMPLICIT_RETAIN_SELF = YES;
				CLANG_WARN_OBJC_LITERAL_CONVERSION = YES;
				CLANG_WARN_OBJC_ROOT_CLASS = YES_ERROR;
				CLANG_WARN_QUOTED_INCLUDE_IN_FRAMEWORK_HEADER = YES;
				CLANG_WARN_RANGE_LOOP_ANALYSIS = YES;
				CLANG_WARN_STRICT_PROTOTYPES = YES;
				CLANG_WARN_SUSPICIOUS_MOVE = YES;
				CLANG_WARN_UNGUARDED_AVAILABILITY = YES_AGGRESSIVE;
				CLANG_WARN_UNREACHABLE_CODE = YES;
				CLANG_WARN__DUPLICATE_METHOD_MATCH = YES;
				COPY_PHASE_STRIP = NO;
				DEBUG_INFORMATION_FORMAT = dwarf;
				ENABLE_STRICT_OBJC_MSGSEND = YES;
				ENABLE_TESTABILITY = YES;
				GCC_C_LANGUAGE_STANDARD = gnu11;
				GCC_DYNAMIC_NO_PIC = NO;
				GCC_NO_COMMON_BLOCKS = YES;
				GCC_OPTIMIZATION_LEVEL = 0;
				GCC_PREPROCESSOR_DEFINITIONS = (
					"DEBUG=1",
					"$(inherited)",
				);
				GCC_WARN_64_TO_32_BIT_CONVERSION = YES;
				GCC_WARN_ABOUT_RETURN_TYPE = YES_ERROR;
				GCC_WARN_UNDECLARED_SELECTOR = YES;
				GCC_WARN_UNINITIALIZED_AUTOS = YES_AGGRESSIVE;
				GCC_WARN_UNUSED_FUNCTION = YES;
				GCC_WARN_UNUSED_VARIABLE = YES;
				IPHONEOS_DEPLOYMENT_TARGET = 15.5;
				MTL_ENABLE_DEBUG_INFO = INCLUDE_SOURCE;
				MTL_FAST_MATH = YES;
				ONLY_ACTIVE_ARCH = YES;
				SDKROOT = iphoneos;
				SWIFT_ACTIVE_COMPILATION_CONDITIONS = DEBUG;
				SWIFT_OPTIMIZATION_LEVEL = "-Onone";
			};
			name = Debug;
		};
		F7C727CF28D3905400EF2F59 /* Release */ = {
			isa = XCBuildConfiguration;
			buildSettings = {
				ALWAYS_SEARCH_USER_PATHS = NO;
				CLANG_ANALYZER_NONNULL = YES;
				CLANG_ANALYZER_NUMBER_OBJECT_CONVERSION = YES_AGGRESSIVE;
				CLANG_CXX_LANGUAGE_STANDARD = "gnu++17";
				CLANG_ENABLE_MODULES = YES;
				CLANG_ENABLE_OBJC_ARC = YES;
				CLANG_ENABLE_OBJC_WEAK = YES;
				CLANG_WARN_BLOCK_CAPTURE_AUTORELEASING = YES;
				CLANG_WARN_BOOL_CONVERSION = YES;
				CLANG_WARN_COMMA = YES;
				CLANG_WARN_CONSTANT_CONVERSION = YES;
				CLANG_WARN_DEPRECATED_OBJC_IMPLEMENTATIONS = YES;
				CLANG_WARN_DIRECT_OBJC_ISA_USAGE = YES_ERROR;
				CLANG_WARN_DOCUMENTATION_COMMENTS = YES;
				CLANG_WARN_EMPTY_BODY = YES;
				CLANG_WARN_ENUM_CONVERSION = YES;
				CLANG_WARN_INFINITE_RECURSION = YES;
				CLANG_WARN_INT_CONVERSION = YES;
				CLANG_WARN_NON_LITERAL_NULL_CONVERSION = YES;
				CLANG_WARN_OBJC_IMPLICIT_RETAIN_SELF = YES;
				CLANG_WARN_OBJC_LITERAL_CONVERSION = YES;
				CLANG_WARN_OBJC_ROOT_CLASS = YES_ERROR;
				CLANG_WARN_QUOTED_INCLUDE_IN_FRAMEWORK_HEADER = YES;
				CLANG_WARN_RANGE_LOOP_ANALYSIS = YES;
				CLANG_WARN_STRICT_PROTOTYPES = YES;
				CLANG_WARN_SUSPICIOUS_MOVE = YES;
				CLANG_WARN_UNGUARDED_AVAILABILITY = YES_AGGRESSIVE;
				CLANG_WARN_UNREACHABLE_CODE = YES;
				CLANG_WARN__DUPLICATE_METHOD_MATCH = YES;
				COPY_PHASE_STRIP = NO;
				DEBUG_INFORMATION_FORMAT = "dwarf-with-dsym";
				ENABLE_NS_ASSERTIONS = NO;
				ENABLE_STRICT_OBJC_MSGSEND = YES;
				GCC_C_LANGUAGE_STANDARD = gnu11;
				GCC_NO_COMMON_BLOCKS = YES;
				GCC_WARN_64_TO_32_BIT_CONVERSION = YES;
				GCC_WARN_ABOUT_RETURN_TYPE = YES_ERROR;
				GCC_WARN_UNDECLARED_SELECTOR = YES;
				GCC_WARN_UNINITIALIZED_AUTOS = YES_AGGRESSIVE;
				GCC_WARN_UNUSED_FUNCTION = YES;
				GCC_WARN_UNUSED_VARIABLE = YES;
				IPHONEOS_DEPLOYMENT_TARGET = 15.5;
				MTL_ENABLE_DEBUG_INFO = NO;
				MTL_FAST_MATH = YES;
				SDKROOT = iphoneos;
				SWIFT_COMPILATION_MODE = wholemodule;
				SWIFT_OPTIMIZATION_LEVEL = "-O";
				VALIDATE_PRODUCT = YES;
			};
			name = Release;
		};
		F7C727D128D3905400EF2F59 /* Debug */ = {
			isa = XCBuildConfiguration;
			buildSettings = {
				ASSETCATALOG_COMPILER_APPICON_NAME = AppIcon;
				ASSETCATALOG_COMPILER_GLOBAL_ACCENT_COLOR_NAME = AccentColor;
				CODE_SIGN_STYLE = Automatic;
				CURRENT_PROJECT_VERSION = 1;
				DEVELOPMENT_TEAM = 499939BRBP;
				GENERATE_INFOPLIST_FILE = YES;
				INFOPLIST_FILE = Testio/Info.plist;
				INFOPLIST_KEY_UIApplicationSupportsIndirectInputEvents = YES;
				INFOPLIST_KEY_UILaunchStoryboardName = LaunchScreen;
				INFOPLIST_KEY_UISupportedInterfaceOrientations = UIInterfaceOrientationPortrait;
				INFOPLIST_KEY_UISupportedInterfaceOrientations_iPad = "UIInterfaceOrientationPortrait UIInterfaceOrientationPortraitUpsideDown UIInterfaceOrientationLandscapeLeft UIInterfaceOrientationLandscapeRight";
				INFOPLIST_KEY_UISupportedInterfaceOrientations_iPhone = "UIInterfaceOrientationPortrait UIInterfaceOrientationLandscapeLeft UIInterfaceOrientationLandscapeRight";
				LD_RUNPATH_SEARCH_PATHS = (
					"$(inherited)",
					"@executable_path/Frameworks",
				);
				MARKETING_VERSION = 1.0;
				"OTHER_SWIFT_FLAGS[arch=*]" = "-DDEBUG";
				PRODUCT_BUNDLE_IDENTIFIER = com.timur.Testio;
				PRODUCT_NAME = "$(TARGET_NAME)";
				SWIFT_EMIT_LOC_STRINGS = YES;
				SWIFT_VERSION = 5.0;
				TARGETED_DEVICE_FAMILY = "1,2";
			};
			name = Debug;
		};
		F7C727D228D3905400EF2F59 /* Release */ = {
			isa = XCBuildConfiguration;
			buildSettings = {
				ASSETCATALOG_COMPILER_APPICON_NAME = AppIcon;
				ASSETCATALOG_COMPILER_GLOBAL_ACCENT_COLOR_NAME = AccentColor;
				CODE_SIGN_STYLE = Automatic;
				CURRENT_PROJECT_VERSION = 1;
				DEVELOPMENT_TEAM = 499939BRBP;
				GENERATE_INFOPLIST_FILE = YES;
				INFOPLIST_FILE = Testio/Info.plist;
				INFOPLIST_KEY_UIApplicationSupportsIndirectInputEvents = YES;
				INFOPLIST_KEY_UILaunchStoryboardName = LaunchScreen;
				INFOPLIST_KEY_UISupportedInterfaceOrientations = UIInterfaceOrientationPortrait;
				INFOPLIST_KEY_UISupportedInterfaceOrientations_iPad = "UIInterfaceOrientationPortrait UIInterfaceOrientationPortraitUpsideDown UIInterfaceOrientationLandscapeLeft UIInterfaceOrientationLandscapeRight";
				INFOPLIST_KEY_UISupportedInterfaceOrientations_iPhone = "UIInterfaceOrientationPortrait UIInterfaceOrientationLandscapeLeft UIInterfaceOrientationLandscapeRight";
				LD_RUNPATH_SEARCH_PATHS = (
					"$(inherited)",
					"@executable_path/Frameworks",
				);
				MARKETING_VERSION = 1.0;
				PRODUCT_BUNDLE_IDENTIFIER = com.timur.Testio;
				PRODUCT_NAME = "$(TARGET_NAME)";
				SWIFT_EMIT_LOC_STRINGS = YES;
				SWIFT_VERSION = 5.0;
				TARGETED_DEVICE_FAMILY = "1,2";
			};
			name = Release;
		};
		F7C727D428D3905400EF2F59 /* Debug */ = {
			isa = XCBuildConfiguration;
			buildSettings = {
				ALWAYS_EMBED_SWIFT_STANDARD_LIBRARIES = YES;
				BUNDLE_LOADER = "$(TEST_HOST)";
				CODE_SIGN_STYLE = Automatic;
				CURRENT_PROJECT_VERSION = 1;
				DEVELOPMENT_TEAM = 499939BRBP;
				GENERATE_INFOPLIST_FILE = YES;
				IPHONEOS_DEPLOYMENT_TARGET = 15.5;
				MARKETING_VERSION = 1.0;
				PRODUCT_BUNDLE_IDENTIFIER = com.timur.TestioTests;
				PRODUCT_NAME = "$(TARGET_NAME)";
				SWIFT_EMIT_LOC_STRINGS = NO;
				SWIFT_VERSION = 5.0;
				TARGETED_DEVICE_FAMILY = "1,2";
				TEST_HOST = "$(BUILT_PRODUCTS_DIR)/Testio.app/Testio";
			};
			name = Debug;
		};
		F7C727D528D3905400EF2F59 /* Release */ = {
			isa = XCBuildConfiguration;
			buildSettings = {
				ALWAYS_EMBED_SWIFT_STANDARD_LIBRARIES = YES;
				BUNDLE_LOADER = "$(TEST_HOST)";
				CODE_SIGN_STYLE = Automatic;
				CURRENT_PROJECT_VERSION = 1;
				DEVELOPMENT_TEAM = 499939BRBP;
				GENERATE_INFOPLIST_FILE = YES;
				IPHONEOS_DEPLOYMENT_TARGET = 15.5;
				MARKETING_VERSION = 1.0;
				PRODUCT_BUNDLE_IDENTIFIER = com.timur.TestioTests;
				PRODUCT_NAME = "$(TARGET_NAME)";
				SWIFT_EMIT_LOC_STRINGS = NO;
				SWIFT_VERSION = 5.0;
				TARGETED_DEVICE_FAMILY = "1,2";
				TEST_HOST = "$(BUILT_PRODUCTS_DIR)/Testio.app/Testio";
			};
			name = Release;
		};
		F7C727D728D3905400EF2F59 /* Debug */ = {
			isa = XCBuildConfiguration;
			buildSettings = {
				ALWAYS_EMBED_SWIFT_STANDARD_LIBRARIES = YES;
				CODE_SIGN_STYLE = Automatic;
				CURRENT_PROJECT_VERSION = 1;
				DEVELOPMENT_TEAM = 499939BRBP;
				GENERATE_INFOPLIST_FILE = YES;
				MARKETING_VERSION = 1.0;
				PRODUCT_BUNDLE_IDENTIFIER = com.timur.TestioUITests;
				PRODUCT_NAME = "$(TARGET_NAME)";
				SWIFT_EMIT_LOC_STRINGS = NO;
				SWIFT_VERSION = 5.0;
				TARGETED_DEVICE_FAMILY = "1,2";
				TEST_TARGET_NAME = Testio;
			};
			name = Debug;
		};
		F7C727D828D3905400EF2F59 /* Release */ = {
			isa = XCBuildConfiguration;
			buildSettings = {
				ALWAYS_EMBED_SWIFT_STANDARD_LIBRARIES = YES;
				CODE_SIGN_STYLE = Automatic;
				CURRENT_PROJECT_VERSION = 1;
				DEVELOPMENT_TEAM = 499939BRBP;
				GENERATE_INFOPLIST_FILE = YES;
				MARKETING_VERSION = 1.0;
				PRODUCT_BUNDLE_IDENTIFIER = com.timur.TestioUITests;
				PRODUCT_NAME = "$(TARGET_NAME)";
				SWIFT_EMIT_LOC_STRINGS = NO;
				SWIFT_VERSION = 5.0;
				TARGETED_DEVICE_FAMILY = "1,2";
				TEST_TARGET_NAME = Testio;
			};
			name = Release;
		};
/* End XCBuildConfiguration section */

/* Begin XCConfigurationList section */
		F7C727A128D3905200EF2F59 /* Build configuration list for PBXProject "Testio" */ = {
			isa = XCConfigurationList;
			buildConfigurations = (
				F7C727CE28D3905400EF2F59 /* Debug */,
				F7C727CF28D3905400EF2F59 /* Release */,
			);
			defaultConfigurationIsVisible = 0;
			defaultConfigurationName = Release;
		};
		F7C727D028D3905400EF2F59 /* Build configuration list for PBXNativeTarget "Testio" */ = {
			isa = XCConfigurationList;
			buildConfigurations = (
				F7C727D128D3905400EF2F59 /* Debug */,
				F7C727D228D3905400EF2F59 /* Release */,
			);
			defaultConfigurationIsVisible = 0;
			defaultConfigurationName = Release;
		};
		F7C727D328D3905400EF2F59 /* Build configuration list for PBXNativeTarget "TestioTests" */ = {
			isa = XCConfigurationList;
			buildConfigurations = (
				F7C727D428D3905400EF2F59 /* Debug */,
				F7C727D528D3905400EF2F59 /* Release */,
			);
			defaultConfigurationIsVisible = 0;
			defaultConfigurationName = Release;
		};
		F7C727D628D3905400EF2F59 /* Build configuration list for PBXNativeTarget "TestioUITests" */ = {
			isa = XCConfigurationList;
			buildConfigurations = (
				F7C727D728D3905400EF2F59 /* Debug */,
				F7C727D828D3905400EF2F59 /* Release */,
			);
			defaultConfigurationIsVisible = 0;
			defaultConfigurationName = Release;
		};
/* End XCConfigurationList section */

/* Begin XCRemoteSwiftPackageReference section */
		F7C727E928D4925000EF2F59 /* XCRemoteSwiftPackageReference "Dip" */ = {
			isa = XCRemoteSwiftPackageReference;
			repositoryURL = "https://github.com/AliSoftware/Dip";
			requirement = {
				kind = upToNextMajorVersion;
				minimumVersion = 7.0.0;
			};
		};
		F7C727EE28D4976300EF2F59 /* XCRemoteSwiftPackageReference "netfox" */ = {
			isa = XCRemoteSwiftPackageReference;
			repositoryURL = "https://github.com/kasketis/netfox";
			requirement = {
				kind = upToNextMajorVersion;
				minimumVersion = 1.0.0;
			};
		};
		F7DBB7BE28D860AA002CA5CE /* XCRemoteSwiftPackageReference "KeychainAccess" */ = {
			isa = XCRemoteSwiftPackageReference;
			repositoryURL = "https://github.com/kishikawakatsumi/KeychainAccess";
			requirement = {
				kind = exactVersion;
				version = 4.2.2;
			};
		};
		F7DBB7C828D86922002CA5CE /* XCRemoteSwiftPackageReference "IQKeyboardManager" */ = {
			isa = XCRemoteSwiftPackageReference;
			repositoryURL = "https://github.com/hackiftekhar/IQKeyboardManager";
			requirement = {
				kind = exactVersion;
				version = 6.5.0;
			};
		};
		F7DBB7D428D89D6D002CA5CE /* XCRemoteSwiftPackageReference "RxSwift" */ = {
			isa = XCRemoteSwiftPackageReference;
			repositoryURL = "https://github.com/ReactiveX/RxSwift";
			requirement = {
				kind = exactVersion;
				version = 6.5.0;
			};
		};
/* End XCRemoteSwiftPackageReference section */

/* Begin XCSwiftPackageProductDependency section */
		F7C727EA28D4925000EF2F59 /* Dip */ = {
			isa = XCSwiftPackageProductDependency;
			package = F7C727E928D4925000EF2F59 /* XCRemoteSwiftPackageReference "Dip" */;
			productName = Dip;
		};
		F7C727EF28D4976300EF2F59 /* netfox */ = {
			isa = XCSwiftPackageProductDependency;
			package = F7C727EE28D4976300EF2F59 /* XCRemoteSwiftPackageReference "netfox" */;
			productName = netfox;
		};
		F7DBB7BF28D860AA002CA5CE /* KeychainAccess */ = {
			isa = XCSwiftPackageProductDependency;
			package = F7DBB7BE28D860AA002CA5CE /* XCRemoteSwiftPackageReference "KeychainAccess" */;
			productName = KeychainAccess;
		};
		F7DBB7C928D86922002CA5CE /* IQKeyboardManagerSwift */ = {
			isa = XCSwiftPackageProductDependency;
			package = F7DBB7C828D86922002CA5CE /* XCRemoteSwiftPackageReference "IQKeyboardManager" */;
			productName = IQKeyboardManagerSwift;
		};
		F7DBB7D528D89D6D002CA5CE /* RxCocoa */ = {
			isa = XCSwiftPackageProductDependency;
			package = F7DBB7D428D89D6D002CA5CE /* XCRemoteSwiftPackageReference "RxSwift" */;
			productName = RxCocoa;
		};
		F7DBB7D728D89D6D002CA5CE /* RxSwift */ = {
			isa = XCSwiftPackageProductDependency;
			package = F7DBB7D428D89D6D002CA5CE /* XCRemoteSwiftPackageReference "RxSwift" */;
			productName = RxSwift;
		};
/* End XCSwiftPackageProductDependency section */
	};
	rootObject = F7C7279E28D3905200EF2F59 /* Project object */;
}
